{
  "name": "@contentful/app-components",
  "version": "0.1.0",
  "lockfileVersion": 3,
  "requires": true,
  "packages": {
    "": {
      "name": "@contentful/app-components",
      "version": "0.1.0",
      "license": "MIT",
      "devDependencies": {
        "@types/react": "^18.0.0",
        "typescript": "^5.0.0"
      },
      "peerDependencies": {
        "@contentful/app-sdk": "^5.0.0",
        "@contentful/f36-components": "^5.0.0",
        "@contentful/f36-tokens": "^5.0.0",
        "@contentful/react-apps-toolkit": "^5.0.0",
        "contentful-management": "^11.0.0",
        "react": "^18.0.0"
      }
    },
    "node_modules/@types/prop-types": {
      "version": "15.7.15",
      "resolved": "https://registry.npmjs.org/@types/prop-types/-/prop-types-15.7.15.tgz",
      "integrity": "sha512-F6bEyamV9jKGAFBEmlQnesRPGOQqS2+Uwi0Em15xenOxHaf2hv6L8YCVn3rPdPJOiJfPiCnLIRyvwVaqMY3MIw==",
      "dev": true,
      "license": "MIT"
    },
    "node_modules/@types/react": {
      "version": "18.3.23",
      "resolved": "https://registry.npmjs.org/@types/react/-/react-18.3.23.tgz",
      "integrity": "sha512-/LDXMQh55EzZQ0uVAZmKKhfENivEvWz6E+EYzh+/MCjMhNsotd+ZHhBGIjFDTi6+fz0OhQQQLbTgdQIxxCsC0w==",
      "dev": true,
      "license": "MIT",
      "dependencies": {
        "@types/prop-types": "*",
        "csstype": "^3.0.2"
      }
    },
    "node_modules/csstype": {
      "version": "3.1.3",
      "resolved": "https://registry.npmjs.org/csstype/-/csstype-3.1.3.tgz",
      "integrity": "sha512-M1uQkMl8rQK/szD0LNhtqxIPLpimGm8sOBwU7lLnCpSbTyY3yeU1Vc7l4KT5zT4s/yOxHH5O7tIuuLOCnLADRw==",
      "dev": true,
      "license": "MIT"
    },
    "node_modules/typescript": {
      "version": "5.8.3",
      "resolved": "https://registry.npmjs.org/typescript/-/typescript-5.8.3.tgz",
      "integrity": "sha512-p1diW6TqL9L07nNxvRMM7hMMw4c5XOo/1ibL4aAIGmSAt9slTE1Xgw5KWuof2uTOvCg9BY7ZRi+GaF+7sfgPeQ==",
      "dev": true,
      "license": "Apache-2.0",
      "bin": {
        "tsc": "bin/tsc",
        "tsserver": "bin/tsserver"
      },
      "engines": {
        "node": ">=14.17"
      }
    }
  }
}
